
Microsoft Visual Studio Solution File, Format Version 12.00
# Visual Studio Version 16
VisualStudioVersion = 16.0.31019.35
MinimumVisualStudioVersion = 10.0.40219.1
Project("{FAE04EC0-301F-11D3-BF4B-00C04F79EFBC}") = "PruebasDelegados", "PruebasCPildorasInformaticas\PruebasDelegados.csproj", "{B599CFD1-6FE0-4F4E-974B-C24454B2901D}"
EndProject
Project("{FAE04EC0-301F-11D3-BF4B-00C04F79EFBC}") = "ExpresionesRegulares", "ExpresionesRegulares\ExpresionesRegulares.csproj", "{08EF2694-F15D-4E70-B6B4-89EFED47E754}"
EndProject
Global
	GlobalSection(SolutionConfigurationPlatforms) = preSolution
		Debug|Any CPU = Debug|Any CPU
		Release|Any CPU = Release|Any CPU
	EndGlobalSection
	GlobalSection(ProjectConfigurationPlatforms) = postSolution
		{B599CFD1-6FE0-4F4E-974B-C24454B2901D}.Debug|Any CPU.ActiveCfg = Debug|Any CPU
		{B599CFD1-6FE0-4F4E-974B-C24454B2901D}.Debug|Any CPU.Build.0 = Debug|Any CPU
		{B599CFD1-6FE0-4F4E-974B-C24454B2901D}.Release|Any CPU.ActiveCfg = Release|Any CPU
		{B599CFD1-6FE0-4F4E-974B-C24454B2901D}.Release|Any CPU.Build.0 = Release|Any CPU
		{08EF2694-F15D-4E70-B6B4-89EFED47E754}.Debug|Any CPU.ActiveCfg = Debug|Any CPU
		{08EF2694-F15D-4E70-B6B4-89EFED47E754}.Debug|Any CPU.Build.0 = Debug|Any CPU
		{08EF2694-F15D-4E70-B6B4-89EFED47E754}.Release|Any CPU.ActiveCfg = Release|Any CPU
		{08EF2694-F15D-4E70-B6B4-89EFED47E754}.Release|Any CPU.Build.0 = Release|Any CPU
	EndGlobalSection
	GlobalSection(SolutionProperties) = preSolution
		HideSolutionNode = FALSE
	EndGlobalSection
	GlobalSection(ExtensibilityGlobals) = postSolution
		SolutionGuid = {B077048F-F8BD-4FDC-9CCF-284F37BBF14A}
	EndGlobalSection
EndGlobal
