
Microsoft Visual Studio Solution File, Format Version 12.00
# Visual Studio Version 16
VisualStudioVersion = 16.0.31019.35
MinimumVisualStudioVersion = 10.0.40219.1
Project("{FAE04EC0-301F-11D3-BF4B-00C04F79EFBC}") = "PruebasDelegados", "PruebasCPildorasInformaticas\PruebasDelegados.csproj", "{B599CFD1-6FE0-4F4E-974B-C24454B2901D}"
EndProject
Project("{FAE04EC0-301F-11D3-BF4B-00C04F79EFBC}") = "ExpresionesRegulares", "ExpresionesRegulares\ExpresionesRegulares.csproj", "{08EF2694-F15D-4E70-B6B4-89EFED47E754}"
EndProject
Project("{FAE04EC0-301F-11D3-BF4B-00C04F79EFBC}") = "PrimeraInterfazWPF", "PrimeraInterfazWPF\PrimeraInterfazWPF.csproj", "{16C3F82C-9F1F-4D28-A73C-B44BA3E3D010}"
EndProject
Project("{FAE04EC0-301F-11D3-BF4B-00C04F79EFBC}") = "CalculadoraWPF", "CalculadoraWPF\CalculadoraWPF.csproj", "{9D801C5D-AA41-48ED-9937-4BC26332DF28}"
EndProject
Project("{FAE04EC0-301F-11D3-BF4B-00C04F79EFBC}") = "ListBoxPractica", "ListBoxPractica\ListBoxPractica.csproj", "{F3104FC7-6DE6-46CF-949C-2C480B4217A6}"
EndProject
Project("{FAE04EC0-301F-11D3-BF4B-00C04F79EFBC}") = "RadioButtonPractica", "RadioButtonPractica\RadioButtonPractica.csproj", "{88E8717C-E77A-4F89-9EB0-BABAD4B3584F}"
EndProject
Project("{FAE04EC0-301F-11D3-BF4B-00C04F79EFBC}") = "GestionPedidosWPF", "GestionPedidosWPF\GestionPedidosWPF.csproj", "{49832CF6-3D79-4DCB-ABF5-05B456B32637}"
EndProject
Global
	GlobalSection(SolutionConfigurationPlatforms) = preSolution
		Debug|Any CPU = Debug|Any CPU
		Release|Any CPU = Release|Any CPU
	EndGlobalSection
	GlobalSection(ProjectConfigurationPlatforms) = postSolution
		{B599CFD1-6FE0-4F4E-974B-C24454B2901D}.Debug|Any CPU.ActiveCfg = Debug|Any CPU
		{B599CFD1-6FE0-4F4E-974B-C24454B2901D}.Debug|Any CPU.Build.0 = Debug|Any CPU
		{B599CFD1-6FE0-4F4E-974B-C24454B2901D}.Release|Any CPU.ActiveCfg = Release|Any CPU
		{B599CFD1-6FE0-4F4E-974B-C24454B2901D}.Release|Any CPU.Build.0 = Release|Any CPU
		{08EF2694-F15D-4E70-B6B4-89EFED47E754}.Debug|Any CPU.ActiveCfg = Debug|Any CPU
		{08EF2694-F15D-4E70-B6B4-89EFED47E754}.Debug|Any CPU.Build.0 = Debug|Any CPU
		{08EF2694-F15D-4E70-B6B4-89EFED47E754}.Release|Any CPU.ActiveCfg = Release|Any CPU
		{08EF2694-F15D-4E70-B6B4-89EFED47E754}.Release|Any CPU.Build.0 = Release|Any CPU
		{16C3F82C-9F1F-4D28-A73C-B44BA3E3D010}.Debug|Any CPU.ActiveCfg = Debug|Any CPU
		{16C3F82C-9F1F-4D28-A73C-B44BA3E3D010}.Debug|Any CPU.Build.0 = Debug|Any CPU
		{16C3F82C-9F1F-4D28-A73C-B44BA3E3D010}.Release|Any CPU.ActiveCfg = Release|Any CPU
		{16C3F82C-9F1F-4D28-A73C-B44BA3E3D010}.Release|Any CPU.Build.0 = Release|Any CPU
		{9D801C5D-AA41-48ED-9937-4BC26332DF28}.Debug|Any CPU.ActiveCfg = Debug|Any CPU
		{9D801C5D-AA41-48ED-9937-4BC26332DF28}.Debug|Any CPU.Build.0 = Debug|Any CPU
		{9D801C5D-AA41-48ED-9937-4BC26332DF28}.Release|Any CPU.ActiveCfg = Release|Any CPU
		{9D801C5D-AA41-48ED-9937-4BC26332DF28}.Release|Any CPU.Build.0 = Release|Any CPU
		{F3104FC7-6DE6-46CF-949C-2C480B4217A6}.Debug|Any CPU.ActiveCfg = Debug|Any CPU
		{F3104FC7-6DE6-46CF-949C-2C480B4217A6}.Debug|Any CPU.Build.0 = Debug|Any CPU
		{F3104FC7-6DE6-46CF-949C-2C480B4217A6}.Release|Any CPU.ActiveCfg = Release|Any CPU
		{F3104FC7-6DE6-46CF-949C-2C480B4217A6}.Release|Any CPU.Build.0 = Release|Any CPU
		{88E8717C-E77A-4F89-9EB0-BABAD4B3584F}.Debug|Any CPU.ActiveCfg = Debug|Any CPU
		{88E8717C-E77A-4F89-9EB0-BABAD4B3584F}.Debug|Any CPU.Build.0 = Debug|Any CPU
		{88E8717C-E77A-4F89-9EB0-BABAD4B3584F}.Release|Any CPU.ActiveCfg = Release|Any CPU
		{88E8717C-E77A-4F89-9EB0-BABAD4B3584F}.Release|Any CPU.Build.0 = Release|Any CPU
		{49832CF6-3D79-4DCB-ABF5-05B456B32637}.Debug|Any CPU.ActiveCfg = Debug|Any CPU
		{49832CF6-3D79-4DCB-ABF5-05B456B32637}.Debug|Any CPU.Build.0 = Debug|Any CPU
		{49832CF6-3D79-4DCB-ABF5-05B456B32637}.Release|Any CPU.ActiveCfg = Release|Any CPU
		{49832CF6-3D79-4DCB-ABF5-05B456B32637}.Release|Any CPU.Build.0 = Release|Any CPU
	EndGlobalSection
	GlobalSection(SolutionProperties) = preSolution
		HideSolutionNode = FALSE
	EndGlobalSection
	GlobalSection(ExtensibilityGlobals) = postSolution
		SolutionGuid = {B077048F-F8BD-4FDC-9CCF-284F37BBF14A}
	EndGlobalSection
EndGlobal
